// !$*UTF8*$!
{
	archiveVersion = 1;
	classes = {
	};
	objectVersion = 50;
	objects = {

/* Begin PBXCopyFilesBuildPhase section */
		B8D7A9749105B80FB1BBFAD6 /* Embed Frameworks */ = {
			isa = PBXCopyFilesBuildPhase;
			buildActionMask = 2147483647;
			dstSubfolderSpec = 10;
			files = (
			);
			name = "Embed Frameworks";
			runOnlyForDeploymentPostprocessing = 0;
		};
/* End PBXCopyFilesBuildPhase section */

/* Begin PBXFileReference section */
		EB54F428A1BFB7536145BC31 /* MissingConfigurations.framework */ = {isa = PBXFileReference; explicitFileType = wrapper.framework; includeInIndex = 0; path = MissingConfigurations.framework; sourceTree = BUILT_PRODUCTS_DIR; };
		FE3E46281A29029945756910 /* MissingConfigurations.plist */ = {isa = PBXFileReference; lastKnownFileType = text.plist; path = MissingConfigurations.plist; sourceTree = "<group>"; };
		FE6C835A7F7C62D3966FE895 /* MissingConfigurations.xcconfig */ = {isa = PBXFileReference; lastKnownFileType = text.xcconfig; path = MissingConfigurations.xcconfig; sourceTree = "<group>"; };
/* End PBXFileReference section */

/* Begin PBXFrameworksBuildPhase section */
		9525E69B28397A6633975F37 /* Frameworks */ = {
			isa = PBXFrameworksBuildPhase;
			buildActionMask = 2147483647;
			files = (
			);
			runOnlyForDeploymentPostprocessing = 0;
		};
/* End PBXFrameworksBuildPhase section */

/* Begin PBXGroup section */
		102CB8E7AD05C76231EB9062 /* Project */ = {
			isa = PBXGroup;
			children = (
				FE3E46281A29029945756910 /* MissingConfigurations.plist */,
				F8FFE17C0ABAD0D1172C245A /* Configurations */,
			);
			name = Project;
			sourceTree = "<group>";
		};
		1DF6F4C3E513BBF42635102D /* Frameworks */ = {
			isa = PBXGroup;
			children = (
			);
			name = Frameworks;
			sourceTree = "<group>";
		};
		9350457103D617EF52B6E6A7 /* Products */ = {
			isa = PBXGroup;
			children = (
				EB54F428A1BFB7536145BC31 /* MissingConfigurations.framework */,
			);
			name = Products;
			sourceTree = "<group>";
		};
		AA99DF99AE94A981A1B8C49A = {
			isa = PBXGroup;
			children = (
				102CB8E7AD05C76231EB9062 /* Project */,
				1DF6F4C3E513BBF42635102D /* Frameworks */,
				9350457103D617EF52B6E6A7 /* Products */,
			);
			sourceTree = "<group>";
		};
		F8FFE17C0ABAD0D1172C245A /* Configurations */ = {
			isa = PBXGroup;
			children = (
				FE6C835A7F7C62D3966FE895 /* MissingConfigurations.xcconfig */,
			);
			path = Configurations;
			sourceTree = "<group>";
		};
/* End PBXGroup section */

/* Begin PBXNativeTarget section */
		F179E8B6B6AF01FA93EEA1CB /* MissingConfigurations */ = {
			isa = PBXNativeTarget;
			buildConfigurationList = 2A58A6D48ADA15017DE04456 /* Build configuration list for PBXNativeTarget "MissingConfigurations" */;
			buildPhases = (
				C3217D0B21853FE60306D13B /* Sources */,
				2238ADF7241E4BE931D9E537 /* Resources */,
				85E3A2A51E0CD4005C811F28 /* Embed Precompiled Frameworks */,
				B8D7A9749105B80FB1BBFAD6 /* Embed Frameworks */,
				9525E69B28397A6633975F37 /* Frameworks */,
			);
			buildRules = (
			);
			dependencies = (
			);
			name = MissingConfigurations;
			productName = MissingConfigurations;
			productReference = EB54F428A1BFB7536145BC31 /* MissingConfigurations.framework */;
			productType = "com.apple.product-type.framework";
		};
/* End PBXNativeTarget section */

/* Begin PBXProject section */
		86250AF2FF2FADD89C99FB4E /* Project object */ = {
			isa = PBXProject;
			attributes = {
			};
			buildConfigurationList = C5B5F87CCC3A2E0B988E7DEC /* Build configuration list for PBXProject "MissingConfigurations" */;
			compatibilityVersion = "Xcode 9.3";
			developmentRegion = en;
			hasScannedForEncodings = 0;
			knownRegions = (
				en,
			);
			mainGroup = AA99DF99AE94A981A1B8C49A;
			productRefGroup = 9350457103D617EF52B6E6A7 /* Products */;
			projectDirPath = "";
			projectRoot = "";
			targets = (
				F179E8B6B6AF01FA93EEA1CB /* MissingConfigurations */,
			);
		};
/* End PBXProject section */

/* Begin PBXResourcesBuildPhase section */
		2238ADF7241E4BE931D9E537 /* Resources */ = {
			isa = PBXResourcesBuildPhase;
			buildActionMask = 2147483647;
			files = (
			);
			runOnlyForDeploymentPostprocessing = 0;
		};
/* End PBXResourcesBuildPhase section */

/* Begin PBXShellScriptBuildPhase section */
		85E3A2A51E0CD4005C811F28 /* Embed Precompiled Frameworks */ = {
			isa = PBXShellScriptBuildPhase;
			buildActionMask = 2147483647;
			files = (
			);
			inputPaths = (
			);
			name = "Embed Precompiled Frameworks";
			outputPaths = (
			);
			runOnlyForDeploymentPostprocessing = 0;
			shellPath = /bin/sh;
			shellScript = "echo \"Skipping, nothing to be embedded.\"";
		};
/* End PBXShellScriptBuildPhase section */

/* Begin PBXSourcesBuildPhase section */
		C3217D0B21853FE60306D13B /* Sources */ = {
			isa = PBXSourcesBuildPhase;
			buildActionMask = 2147483647;
			files = (
			);
			runOnlyForDeploymentPostprocessing = 0;
		};
/* End PBXSourcesBuildPhase section */

/* Begin XCBuildConfiguration section */
		0B3D83CEAB13C0F42A12C79A /* Alpha */ = {
			isa = XCBuildConfiguration;
			baseConfigurationReference = FE6C835A7F7C62D3966FE895 /* MissingConfigurations.xcconfig */;
			buildSettings = {
				INFOPLIST_FILE = MissingConfigurations.plist;
				MACH_O_TYPE = staticlib;
				PRODUCT_BUNDLE_IDENTIFIER = com.example.missingconfigurations;
				PRODUCT_NAME = MissingConfigurations;
				SDKROOT = iphoneos;
				SUPPORTED_PLATFORMS = "iphonesimulator iphoneos";
				SWIFT_VERSION = 5.1;
			};
			name = Alpha;
		};
		6D2B7BB54A430777BD2623EC /* Release */ = {
			isa = XCBuildConfiguration;
			baseConfigurationReference = FE6C835A7F7C62D3966FE895 /* MissingConfigurations.xcconfig */;
			buildSettings = {
				INFOPLIST_FILE = MissingConfigurations.plist;
				MACH_O_TYPE = staticlib;
				PRODUCT_BUNDLE_IDENTIFIER = com.example.missingconfigurations;
				PRODUCT_NAME = MissingConfigurations;
				SDKROOT = iphoneos;
				SUPPORTED_PLATFORMS = "iphonesimulator iphoneos";
				SWIFT_VERSION = 5.1;
			};
			name = Release;
		};
		77A3A7170AC96385842D8022 /* Release */ = {
			isa = XCBuildConfiguration;
			buildSettings = {
				ALWAYS_SEARCH_USER_PATHS = NO;
				CLANG_ANALYZER_NONNULL = YES;
				CLANG_ANALYZER_NUMBER_OBJECT_CONVERSION = YES_AGGRESSIVE;
				CLANG_CXX_LANGUAGE_STANDARD = "gnu++14";
				CLANG_CXX_LIBRARY = "libc++";
				CLANG_ENABLE_MODULES = YES;
				CLANG_ENABLE_OBJC_ARC = YES;
				CLANG_ENABLE_OBJC_WEAK = YES;
				CLANG_WARN_BLOCK_CAPTURE_AUTORELEASING = YES;
				CLANG_WARN_BOOL_CONVERSION = YES;
				CLANG_WARN_COMMA = YES;
				CLANG_WARN_CONSTANT_CONVERSION = YES;
				CLANG_WARN_DEPRECATED_OBJC_IMPLEMENTATIONS = YES;
				CLANG_WARN_DIRECT_OBJC_ISA_USAGE = YES_ERROR;
				CLANG_WARN_DOCUMENTATION_COMMENTS = YES;
				CLANG_WARN_EMPTY_BODY = YES;
				CLANG_WARN_ENUM_CONVERSION = YES;
				CLANG_WARN_INFINITE_RECURSION = YES;
				CLANG_WARN_INT_CONVERSION = YES;
				CLANG_WARN_NON_LITERAL_NULL_CONVERSION = YES;
				CLANG_WARN_OBJC_IMPLICIT_RETAIN_SELF = YES;
				CLANG_WARN_OBJC_LITERAL_CONVERSION = YES;
				CLANG_WARN_OBJC_ROOT_CLASS = YES_ERROR;
				CLANG_WARN_RANGE_LOOP_ANALYSIS = YES;
				CLANG_WARN_STRICT_PROTOTYPES = YES;
				CLANG_WARN_SUSPICIOUS_MOVE = YES;
				CLANG_WARN_UNGUARDED_AVAILABILITY = YES_AGGRESSIVE;
				CLANG_WARN_UNREACHABLE_CODE = YES;
				CLANG_WARN__DUPLICATE_METHOD_MATCH = YES;
				COPY_PHASE_STRIP = NO;
				DEBUG_INFORMATION_FORMAT = "dwarf-with-dsym";
				ENABLE_NS_ASSERTIONS = NO;
				ENABLE_STRICT_OBJC_MSGSEND = YES;
				GCC_C_LANGUAGE_STANDARD = gnu11;
				GCC_NO_COMMON_BLOCKS = YES;
				GCC_WARN_64_TO_32_BIT_CONVERSION = YES;
				GCC_WARN_ABOUT_RETURN_TYPE = YES_ERROR;
				GCC_WARN_UNDECLARED_SELECTOR = YES;
				GCC_WARN_UNINITIALIZED_AUTOS = YES_AGGRESSIVE;
				GCC_WARN_UNUSED_FUNCTION = YES;
				GCC_WARN_UNUSED_VARIABLE = YES;
				MTL_ENABLE_DEBUG_INFO = NO;
				PRODUCT_NAME = "$(TARGET_NAME)";
				VALIDATE_PRODUCT = YES;
			};
			name = Release;
		};
		7AEA316FD36898F896BDE267 /* Debug */ = {
			isa = XCBuildConfiguration;
			baseConfigurationReference = FE6C835A7F7C62D3966FE895 /* MissingConfigurations.xcconfig */;
			buildSettings = {
				INFOPLIST_FILE = MissingConfigurations.plist;
				MACH_O_TYPE = staticlib;
				PRODUCT_BUNDLE_IDENTIFIER = com.example.missingconfigurations;
				PRODUCT_NAME = MissingConfigurations;
				SDKROOT = iphoneos;
				SUPPORTED_PLATFORMS = "iphonesimulator iphoneos";
				SWIFT_VERSION = 5.1;
			};
			name = Debug;
		};
		9E602083B4271DC0F443EE1E /* Debug */ = {
			isa = XCBuildConfiguration;
			buildSettings = {
				ALWAYS_SEARCH_USER_PATHS = NO;
				CLANG_ANALYZER_NONNULL = YES;
				CLANG_ANALYZER_NUMBER_OBJECT_CONVERSION = YES_AGGRESSIVE;
				CLANG_CXX_LANGUAGE_STANDARD = "gnu++14";
				CLANG_CXX_LIBRARY = "libc++";
				CLANG_ENABLE_MODULES = YES;
				CLANG_ENABLE_OBJC_ARC = YES;
				CLANG_ENABLE_OBJC_WEAK = YES;
				CLANG_WARN_BLOCK_CAPTURE_AUTORELEASING = YES;
				CLANG_WARN_BOOL_CONVERSION = YES;
				CLANG_WARN_COMMA = YES;
				CLANG_WARN_CONSTANT_CONVERSION = YES;
				CLANG_WARN_DEPRECATED_OBJC_IMPLEMENTATIONS = YES;
				CLANG_WARN_DIRECT_OBJC_ISA_USAGE = YES_ERROR;
				CLANG_WARN_DOCUMENTATION_COMMENTS = YES;
				CLANG_WARN_EMPTY_BODY = YES;
				CLANG_WARN_ENUM_CONVERSION = YES;
				CLANG_WARN_INFINITE_RECURSION = YES;
				CLANG_WARN_INT_CONVERSION = YES;
				CLANG_WARN_NON_LITERAL_NULL_CONVERSION = YES;
				CLANG_WARN_OBJC_IMPLICIT_RETAIN_SELF = YES;
				CLANG_WARN_OBJC_LITERAL_CONVERSION = YES;
				CLANG_WARN_OBJC_ROOT_CLASS = YES_ERROR;
				CLANG_WARN_RANGE_LOOP_ANALYSIS = YES;
				CLANG_WARN_STRICT_PROTOTYPES = YES;
				CLANG_WARN_SUSPICIOUS_MOVE = YES;
				CLANG_WARN_UNGUARDED_AVAILABILITY = YES_AGGRESSIVE;
				CLANG_WARN_UNREACHABLE_CODE = YES;
				CLANG_WARN__DUPLICATE_METHOD_MATCH = YES;
				COPY_PHASE_STRIP = NO;
				DEBUG_INFORMATION_FORMAT = dwarf;
				ENABLE_STRICT_OBJC_MSGSEND = YES;
				ENABLE_TESTABILITY = YES;
				GCC_C_LANGUAGE_STANDARD = gnu11;
				GCC_DYNAMIC_NO_PIC = NO;
				GCC_NO_COMMON_BLOCKS = YES;
				GCC_OPTIMIZATION_LEVEL = 0;
				GCC_PREPROCESSOR_DEFINITIONS = (
					"DEBUG=1",
					"$(inherited)",
				);
				GCC_WARN_64_TO_32_BIT_CONVERSION = YES;
				GCC_WARN_ABOUT_RETURN_TYPE = YES_ERROR;
				GCC_WARN_UNDECLARED_SELECTOR = YES;
				GCC_WARN_UNINITIALIZED_AUTOS = YES_AGGRESSIVE;
				GCC_WARN_UNUSED_FUNCTION = YES;
				GCC_WARN_UNUSED_VARIABLE = YES;
				MTL_ENABLE_DEBUG_INFO = YES;
				ONLY_ACTIVE_ARCH = YES;
				PRODUCT_NAME = "$(TARGET_NAME)";
			};
			name = Debug;
		};
/* End XCBuildConfiguration section */

/* Begin XCConfigurationList section */
		2A58A6D48ADA15017DE04456 /* Build configuration list for PBXNativeTarget "MissingConfigurations" */ = {
			isa = XCConfigurationList;
			buildConfigurations = (
				0B3D83CEAB13C0F42A12C79A /* Alpha */,
				7AEA316FD36898F896BDE267 /* Debug */,
				6D2B7BB54A430777BD2623EC /* Release */,
			);
			defaultConfigurationIsVisible = 0;
			defaultConfigurationName = Release;
		};
		C5B5F87CCC3A2E0B988E7DEC /* Build configuration list for PBXProject "MissingConfigurations" */ = {
			isa = XCConfigurationList;
			buildConfigurations = (
				9E602083B4271DC0F443EE1E /* Debug */,
				77A3A7170AC96385842D8022 /* Release */,
			);
			defaultConfigurationIsVisible = 0;
			defaultConfigurationName = Release;
		};
/* End XCConfigurationList section */
	};
	rootObject = 86250AF2FF2FADD89C99FB4E /* Project object */;
}
